
Microsoft Visual Studio Solution File, Format Version 12.00
# Visual Studio Version 16
VisualStudioVersion = 16.0.30907.101
MinimumVisualStudioVersion = 10.0.40219.1
Project("{FAE04EC0-301F-11D3-BF4B-00C04F79EFBC}") = "WindowsFormsApp1", "WindowsFormsApp1\WindowsFormsApp1.csproj", "{9932C62A-D7A5-481C-BC9B-F9E6EC07136C}"
EndProject
Global
	GlobalSection(SolutionConfigurationPlatforms) = preSolution
		Debug|Any CPU = Debug|Any CPU
		Release|Any CPU = Release|Any CPU
	EndGlobalSection
	GlobalSection(ProjectConfigurationPlatforms) = postSolution
		{9932C62A-D7A5-481C-BC9B-F9E6EC07136C}.Debug|Any CPU.ActiveCfg = Debug|Any CPU
		{9932C62A-D7A5-481C-BC9B-F9E6EC07136C}.Debug|Any CPU.Build.0 = Debug|Any CPU
		{9932C62A-D7A5-481C-BC9B-F9E6EC07136C}.Release|Any CPU.ActiveCfg = Release|Any CPU
		{9932C62A-D7A5-481C-BC9B-F9E6EC07136C}.Release|Any CPU.Build.0 = Release|Any CPU
	EndGlobalSection
	GlobalSection(SolutionProperties) = preSolution
		HideSolutionNode = FALSE
	EndGlobalSection
	GlobalSection(ExtensibilityGlobals) = postSolution
		SolutionGuid = {6C6E57BA-C556-4D55-B271-87610824E326}
	EndGlobalSection
EndGlobal
